
Microsoft Visual Studio Solution File, Format Version 12.00
# Visual Studio Version 17
VisualStudioVersion = 17.5.002.0
MinimumVisualStudioVersion = 10.0.40219.1
Project("{9A19103F-16F7-4668-BE54-9A1E7A4F7556}") = "backend-api", "backend-api.csproj", "{8B7B0450-0B72-4513-B059-BB38A84A9FFE}"
EndProject
Global
	GlobalSection(SolutionConfigurationPlatforms) = preSolution
		Debug|Any CPU = Debug|Any CPU
		Release|Any CPU = Release|Any CPU
	EndGlobalSection
	GlobalSection(ProjectConfigurationPlatforms) = postSolution
		{8B7B0450-0B72-4513-B059-BB38A84A9FFE}.Debug|Any CPU.ActiveCfg = Debug|Any CPU
		{8B7B0450-0B72-4513-B059-BB38A84A9FFE}.Debug|Any CPU.Build.0 = Debug|Any CPU
		{8B7B0450-0B72-4513-B059-BB38A84A9FFE}.Release|Any CPU.ActiveCfg = Release|Any CPU
		{8B7B0450-0B72-4513-B059-BB38A84A9FFE}.Release|Any CPU.Build.0 = Release|Any CPU
	EndGlobalSection
	GlobalSection(SolutionProperties) = preSolution
		HideSolutionNode = FALSE
	EndGlobalSection
	GlobalSection(ExtensibilityGlobals) = postSolution
		SolutionGuid = {33488B3B-6424-4BA8-A43F-25D5F881995B}
	EndGlobalSection
EndGlobal
